
Microsoft Visual Studio Solution File, Format Version 12.00
# Visual Studio 15
VisualStudioVersion = 15.0.28307.1000
MinimumVisualStudioVersion = 10.0.40219.1
Project("{FAE04EC0-301F-11D3-BF4B-00C04F79EFBC}") = "SmartPowerPoint", "MouseClick\SmartPowerPoint.csproj", "{FEBB1E23-BCED-4743-B3E9-21E385491EC4}"
EndProject
Project("{FAE04EC0-301F-11D3-BF4B-00C04F79EFBC}") = "LinearAlgebra", "LinearAlgebra\LinearAlgebra.csproj", "{1E8E508C-1DCB-4B0E-ABFB-1575210F17C3}"
EndProject
Project("{FAE04EC0-301F-11D3-BF4B-00C04F79EFBC}") = "AlgorithmUnitTestProject", "AlgorithmUnitTestProject\AlgorithmUnitTestProject.csproj", "{FC9E551A-6752-4FE5-ABA2-FC0A5C3924F6}"
EndProject
Project("{2150E333-8FDC-42A3-9474-1A3956D46DE8}") = "3Dviewer", "3Dviewer", "{0827A6AA-84DB-4AAC-9C3F-0A58AEEFDB2B}"
EndProject
Project("{FAE04EC0-301F-11D3-BF4B-00C04F79EFBC}") = "open3mod", "3DViewer\open3mod\open3mod.csproj", "{8E5A024D-A941-4A4E-B2F9-A97D7CBCE0E9}"
EndProject
Project("{FAE04EC0-301F-11D3-BF4B-00C04F79EFBC}") = "DevILNet", "3DViewer\libs\devil-net\DevILNet\DevILNet.csproj", "{578FD0D9-41AA-4FA4-8D9B-4021978FA48D}"
EndProject
Project("{FAE04EC0-301F-11D3-BF4B-00C04F79EFBC}") = "AssimpNet", "3DViewer\libs\assimp-net\AssimpNet\AssimpNet.csproj", "{3415FF29-C0BE-44FC-AD34-94796118E690}"
EndProject
Project("{FAE04EC0-301F-11D3-BF4B-00C04F79EFBC}") = "AssimpNet.Interop.Generator", "3DViewer\libs\assimp-net\AssimpNet.Interop.Generator\AssimpNet.Interop.Generator.csproj", "{EA4EF0BE-B8A9-4149-8B5A-7E353AD628C0}"
EndProject
Project("{FAE04EC0-301F-11D3-BF4B-00C04F79EFBC}") = "KDTree", "3DViewer\libs\kd-sharp\KDTree\KDTree.csproj", "{33A00A90-C02E-474B-A8C0-3B0559873EA0}"
EndProject
Project("{FAE04EC0-301F-11D3-BF4B-00C04F79EFBC}") = "SmartThreadPool", "3DViewer\libs\SmartThreadPool\SmartThreadPool\SmartThreadPool.csproj", "{74D4C33F-7CC8-4B2A-A7DF-D8B6E63B6EBD}"
EndProject
Project("{FAE04EC0-301F-11D3-BF4B-00C04F79EFBC}") = "HomeApp", "HomeApp\HomeApp.csproj", "{21EF3781-75E9-4A95-BB3E-EDFC43839A08}"
EndProject
Global
	GlobalSection(SolutionConfigurationPlatforms) = preSolution
		Debug|Any CPU = Debug|Any CPU
		Debug|x64 = Debug|x64
		Debug|x86 = Debug|x86
		Net20-Debug|Any CPU = Net20-Debug|Any CPU
		Net20-Debug|x64 = Net20-Debug|x64
		Net20-Debug|x86 = Net20-Debug|x86
		Net20-Release|Any CPU = Net20-Release|Any CPU
		Net20-Release|x64 = Net20-Release|x64
		Net20-Release|x86 = Net20-Release|x86
		Net45-Debug|Any CPU = Net45-Debug|Any CPU
		Net45-Debug|x64 = Net45-Debug|x64
		Net45-Debug|x86 = Net45-Debug|x86
		Net45-Release|Any CPU = Net45-Release|Any CPU
		Net45-Release|x64 = Net45-Release|x64
		Net45-Release|x86 = Net45-Release|x86
		Publish|Any CPU = Publish|Any CPU
		Publish|x64 = Publish|x64
		Publish|x86 = Publish|x86
		Release|Any CPU = Release|Any CPU
		Release|x64 = Release|x64
		Release|x86 = Release|x86
	EndGlobalSection
	GlobalSection(ProjectConfigurationPlatforms) = postSolution
		{FEBB1E23-BCED-4743-B3E9-21E385491EC4}.Debug|Any CPU.ActiveCfg = Debug|Any CPU
		{FEBB1E23-BCED-4743-B3E9-21E385491EC4}.Debug|Any CPU.Build.0 = Debug|Any CPU
		{FEBB1E23-BCED-4743-B3E9-21E385491EC4}.Debug|x64.ActiveCfg = Debug|x64
		{FEBB1E23-BCED-4743-B3E9-21E385491EC4}.Debug|x64.Build.0 = Debug|x64
		{FEBB1E23-BCED-4743-B3E9-21E385491EC4}.Debug|x86.ActiveCfg = Debug|Any CPU
		{FEBB1E23-BCED-4743-B3E9-21E385491EC4}.Debug|x86.Build.0 = Debug|Any CPU
		{FEBB1E23-BCED-4743-B3E9-21E385491EC4}.Net20-Debug|Any CPU.ActiveCfg = Debug|Any CPU
		{FEBB1E23-BCED-4743-B3E9-21E385491EC4}.Net20-Debug|Any CPU.Build.0 = Debug|Any CPU
		{FEBB1E23-BCED-4743-B3E9-21E385491EC4}.Net20-Debug|x64.ActiveCfg = Debug|x64
		{FEBB1E23-BCED-4743-B3E9-21E385491EC4}.Net20-Debug|x64.Build.0 = Debug|x64
		{FEBB1E23-BCED-4743-B3E9-21E385491EC4}.Net20-Debug|x86.ActiveCfg = Debug|Any CPU
		{FEBB1E23-BCED-4743-B3E9-21E385491EC4}.Net20-Debug|x86.Build.0 = Debug|Any CPU
		{FEBB1E23-BCED-4743-B3E9-21E385491EC4}.Net20-Release|Any CPU.ActiveCfg = Release|Any CPU
		{FEBB1E23-BCED-4743-B3E9-21E385491EC4}.Net20-Release|Any CPU.Build.0 = Release|Any CPU
		{FEBB1E23-BCED-4743-B3E9-21E385491EC4}.Net20-Release|x64.ActiveCfg = Release|x64
		{FEBB1E23-BCED-4743-B3E9-21E385491EC4}.Net20-Release|x64.Build.0 = Release|x64
		{FEBB1E23-BCED-4743-B3E9-21E385491EC4}.Net20-Release|x86.ActiveCfg = Release|Any CPU
		{FEBB1E23-BCED-4743-B3E9-21E385491EC4}.Net20-Release|x86.Build.0 = Release|Any CPU
		{FEBB1E23-BCED-4743-B3E9-21E385491EC4}.Net45-Debug|Any CPU.ActiveCfg = Debug|Any CPU
		{FEBB1E23-BCED-4743-B3E9-21E385491EC4}.Net45-Debug|Any CPU.Build.0 = Debug|Any CPU
		{FEBB1E23-BCED-4743-B3E9-21E385491EC4}.Net45-Debug|x64.ActiveCfg = Debug|x64
		{FEBB1E23-BCED-4743-B3E9-21E385491EC4}.Net45-Debug|x64.Build.0 = Debug|x64
		{FEBB1E23-BCED-4743-B3E9-21E385491EC4}.Net45-Debug|x86.ActiveCfg = Debug|Any CPU
		{FEBB1E23-BCED-4743-B3E9-21E385491EC4}.Net45-Debug|x86.Build.0 = Debug|Any CPU
		{FEBB1E23-BCED-4743-B3E9-21E385491EC4}.Net45-Release|Any CPU.ActiveCfg = Release|Any CPU
		{FEBB1E23-BCED-4743-B3E9-21E385491EC4}.Net45-Release|Any CPU.Build.0 = Release|Any CPU
		{FEBB1E23-BCED-4743-B3E9-21E385491EC4}.Net45-Release|x64.ActiveCfg = Release|x64
		{FEBB1E23-BCED-4743-B3E9-21E385491EC4}.Net45-Release|x64.Build.0 = Release|x64
		{FEBB1E23-BCED-4743-B3E9-21E385491EC4}.Net45-Release|x86.ActiveCfg = Release|Any CPU
		{FEBB1E23-BCED-4743-B3E9-21E385491EC4}.Net45-Release|x86.Build.0 = Release|Any CPU
		{FEBB1E23-BCED-4743-B3E9-21E385491EC4}.Publish|Any CPU.ActiveCfg = Release|Any CPU
		{FEBB1E23-BCED-4743-B3E9-21E385491EC4}.Publish|Any CPU.Build.0 = Release|Any CPU
		{FEBB1E23-BCED-4743-B3E9-21E385491EC4}.Publish|x64.ActiveCfg = Release|x64
		{FEBB1E23-BCED-4743-B3E9-21E385491EC4}.Publish|x64.Build.0 = Release|x64
		{FEBB1E23-BCED-4743-B3E9-21E385491EC4}.Publish|x86.ActiveCfg = Release|Any CPU
		{FEBB1E23-BCED-4743-B3E9-21E385491EC4}.Publish|x86.Build.0 = Release|Any CPU
		{FEBB1E23-BCED-4743-B3E9-21E385491EC4}.Release|Any CPU.ActiveCfg = Release|Any CPU
		{FEBB1E23-BCED-4743-B3E9-21E385491EC4}.Release|Any CPU.Build.0 = Release|Any CPU
		{FEBB1E23-BCED-4743-B3E9-21E385491EC4}.Release|x64.ActiveCfg = Release|x64
		{FEBB1E23-BCED-4743-B3E9-21E385491EC4}.Release|x64.Build.0 = Release|x64
		{FEBB1E23-BCED-4743-B3E9-21E385491EC4}.Release|x86.ActiveCfg = Release|Any CPU
		{FEBB1E23-BCED-4743-B3E9-21E385491EC4}.Release|x86.Build.0 = Release|Any CPU
		{1E8E508C-1DCB-4B0E-ABFB-1575210F17C3}.Debug|Any CPU.ActiveCfg = Debug|Any CPU
		{1E8E508C-1DCB-4B0E-ABFB-1575210F17C3}.Debug|Any CPU.Build.0 = Debug|Any CPU
		{1E8E508C-1DCB-4B0E-ABFB-1575210F17C3}.Debug|x64.ActiveCfg = Debug|Any CPU
		{1E8E508C-1DCB-4B0E-ABFB-1575210F17C3}.Debug|x64.Build.0 = Debug|Any CPU
		{1E8E508C-1DCB-4B0E-ABFB-1575210F17C3}.Debug|x86.ActiveCfg = Debug|Any CPU
		{1E8E508C-1DCB-4B0E-ABFB-1575210F17C3}.Debug|x86.Build.0 = Debug|Any CPU
		{1E8E508C-1DCB-4B0E-ABFB-1575210F17C3}.Net20-Debug|Any CPU.ActiveCfg = Debug|Any CPU
		{1E8E508C-1DCB-4B0E-ABFB-1575210F17C3}.Net20-Debug|Any CPU.Build.0 = Debug|Any CPU
		{1E8E508C-1DCB-4B0E-ABFB-1575210F17C3}.Net20-Debug|x64.ActiveCfg = Debug|Any CPU
		{1E8E508C-1DCB-4B0E-ABFB-1575210F17C3}.Net20-Debug|x64.Build.0 = Debug|Any CPU
		{1E8E508C-1DCB-4B0E-ABFB-1575210F17C3}.Net20-Debug|x86.ActiveCfg = Debug|Any CPU
		{1E8E508C-1DCB-4B0E-ABFB-1575210F17C3}.Net20-Debug|x86.Build.0 = Debug|Any CPU
		{1E8E508C-1DCB-4B0E-ABFB-1575210F17C3}.Net20-Release|Any CPU.ActiveCfg = Release|Any CPU
		{1E8E508C-1DCB-4B0E-ABFB-1575210F17C3}.Net20-Release|Any CPU.Build.0 = Release|Any CPU
		{1E8E508C-1DCB-4B0E-ABFB-1575210F17C3}.Net20-Release|x64.ActiveCfg = Release|Any CPU
		{1E8E508C-1DCB-4B0E-ABFB-1575210F17C3}.Net20-Release|x64.Build.0 = Release|Any CPU
		{1E8E508C-1DCB-4B0E-ABFB-1575210F17C3}.Net20-Release|x86.ActiveCfg = Release|Any CPU
		{1E8E508C-1DCB-4B0E-ABFB-1575210F17C3}.Net20-Release|x86.Build.0 = Release|Any CPU
		{1E8E508C-1DCB-4B0E-ABFB-1575210F17C3}.Net45-Debug|Any CPU.ActiveCfg = Debug|Any CPU
		{1E8E508C-1DCB-4B0E-ABFB-1575210F17C3}.Net45-Debug|Any CPU.Build.0 = Debug|Any CPU
		{1E8E508C-1DCB-4B0E-ABFB-1575210F17C3}.Net45-Debug|x64.ActiveCfg = Debug|Any CPU
		{1E8E508C-1DCB-4B0E-ABFB-1575210F17C3}.Net45-Debug|x64.Build.0 = Debug|Any CPU
		{1E8E508C-1DCB-4B0E-ABFB-1575210F17C3}.Net45-Debug|x86.ActiveCfg = Debug|Any CPU
		{1E8E508C-1DCB-4B0E-ABFB-1575210F17C3}.Net45-Debug|x86.Build.0 = Debug|Any CPU
		{1E8E508C-1DCB-4B0E-ABFB-1575210F17C3}.Net45-Release|Any CPU.ActiveCfg = Release|Any CPU
		{1E8E508C-1DCB-4B0E-ABFB-1575210F17C3}.Net45-Release|Any CPU.Build.0 = Release|Any CPU
		{1E8E508C-1DCB-4B0E-ABFB-1575210F17C3}.Net45-Release|x64.ActiveCfg = Release|Any CPU
		{1E8E508C-1DCB-4B0E-ABFB-1575210F17C3}.Net45-Release|x64.Build.0 = Release|Any CPU
		{1E8E508C-1DCB-4B0E-ABFB-1575210F17C3}.Net45-Release|x86.ActiveCfg = Release|Any CPU
		{1E8E508C-1DCB-4B0E-ABFB-1575210F17C3}.Net45-Release|x86.Build.0 = Release|Any CPU
		{1E8E508C-1DCB-4B0E-ABFB-1575210F17C3}.Publish|Any CPU.ActiveCfg = Release|Any CPU
		{1E8E508C-1DCB-4B0E-ABFB-1575210F17C3}.Publish|Any CPU.Build.0 = Release|Any CPU
		{1E8E508C-1DCB-4B0E-ABFB-1575210F17C3}.Publish|x64.ActiveCfg = Release|Any CPU
		{1E8E508C-1DCB-4B0E-ABFB-1575210F17C3}.Publish|x64.Build.0 = Release|Any CPU
		{1E8E508C-1DCB-4B0E-ABFB-1575210F17C3}.Publish|x86.ActiveCfg = Release|Any CPU
		{1E8E508C-1DCB-4B0E-ABFB-1575210F17C3}.Publish|x86.Build.0 = Release|Any CPU
		{1E8E508C-1DCB-4B0E-ABFB-1575210F17C3}.Release|Any CPU.ActiveCfg = Release|Any CPU
		{1E8E508C-1DCB-4B0E-ABFB-1575210F17C3}.Release|Any CPU.Build.0 = Release|Any CPU
		{1E8E508C-1DCB-4B0E-ABFB-1575210F17C3}.Release|x64.ActiveCfg = Release|Any CPU
		{1E8E508C-1DCB-4B0E-ABFB-1575210F17C3}.Release|x64.Build.0 = Release|Any CPU
		{1E8E508C-1DCB-4B0E-ABFB-1575210F17C3}.Release|x86.ActiveCfg = Release|Any CPU
		{1E8E508C-1DCB-4B0E-ABFB-1575210F17C3}.Release|x86.Build.0 = Release|Any CPU
		{FC9E551A-6752-4FE5-ABA2-FC0A5C3924F6}.Debug|Any CPU.ActiveCfg = Debug|Any CPU
		{FC9E551A-6752-4FE5-ABA2-FC0A5C3924F6}.Debug|Any CPU.Build.0 = Debug|Any CPU
		{FC9E551A-6752-4FE5-ABA2-FC0A5C3924F6}.Debug|x64.ActiveCfg = Debug|Any CPU
		{FC9E551A-6752-4FE5-ABA2-FC0A5C3924F6}.Debug|x64.Build.0 = Debug|Any CPU
		{FC9E551A-6752-4FE5-ABA2-FC0A5C3924F6}.Debug|x86.ActiveCfg = Debug|Any CPU
		{FC9E551A-6752-4FE5-ABA2-FC0A5C3924F6}.Debug|x86.Build.0 = Debug|Any CPU
		{FC9E551A-6752-4FE5-ABA2-FC0A5C3924F6}.Net20-Debug|Any CPU.ActiveCfg = Debug|Any CPU
		{FC9E551A-6752-4FE5-ABA2-FC0A5C3924F6}.Net20-Debug|Any CPU.Build.0 = Debug|Any CPU
		{FC9E551A-6752-4FE5-ABA2-FC0A5C3924F6}.Net20-Debug|x64.ActiveCfg = Debug|Any CPU
		{FC9E551A-6752-4FE5-ABA2-FC0A5C3924F6}.Net20-Debug|x64.Build.0 = Debug|Any CPU
		{FC9E551A-6752-4FE5-ABA2-FC0A5C3924F6}.Net20-Debug|x86.ActiveCfg = Debug|Any CPU
		{FC9E551A-6752-4FE5-ABA2-FC0A5C3924F6}.Net20-Debug|x86.Build.0 = Debug|Any CPU
		{FC9E551A-6752-4FE5-ABA2-FC0A5C3924F6}.Net20-Release|Any CPU.ActiveCfg = Release|Any CPU
		{FC9E551A-6752-4FE5-ABA2-FC0A5C3924F6}.Net20-Release|Any CPU.Build.0 = Release|Any CPU
		{FC9E551A-6752-4FE5-ABA2-FC0A5C3924F6}.Net20-Release|x64.ActiveCfg = Release|Any CPU
		{FC9E551A-6752-4FE5-ABA2-FC0A5C3924F6}.Net20-Release|x64.Build.0 = Release|Any CPU
		{FC9E551A-6752-4FE5-ABA2-FC0A5C3924F6}.Net20-Release|x86.ActiveCfg = Release|Any CPU
		{FC9E551A-6752-4FE5-ABA2-FC0A5C3924F6}.Net20-Release|x86.Build.0 = Release|Any CPU
		{FC9E551A-6752-4FE5-ABA2-FC0A5C3924F6}.Net45-Debug|Any CPU.ActiveCfg = Debug|Any CPU
		{FC9E551A-6752-4FE5-ABA2-FC0A5C3924F6}.Net45-Debug|Any CPU.Build.0 = Debug|Any CPU
		{FC9E551A-6752-4FE5-ABA2-FC0A5C3924F6}.Net45-Debug|x64.ActiveCfg = Debug|Any CPU
		{FC9E551A-6752-4FE5-ABA2-FC0A5C3924F6}.Net45-Debug|x64.Build.0 = Debug|Any CPU
		{FC9E551A-6752-4FE5-ABA2-FC0A5C3924F6}.Net45-Debug|x86.ActiveCfg = Debug|Any CPU
		{FC9E551A-6752-4FE5-ABA2-FC0A5C3924F6}.Net45-Debug|x86.Build.0 = Debug|Any CPU
		{FC9E551A-6752-4FE5-ABA2-FC0A5C3924F6}.Net45-Release|Any CPU.ActiveCfg = Release|Any CPU
		{FC9E551A-6752-4FE5-ABA2-FC0A5C3924F6}.Net45-Release|Any CPU.Build.0 = Release|Any CPU
		{FC9E551A-6752-4FE5-ABA2-FC0A5C3924F6}.Net45-Release|x64.ActiveCfg = Release|Any CPU
		{FC9E551A-6752-4FE5-ABA2-FC0A5C3924F6}.Net45-Release|x64.Build.0 = Release|Any CPU
		{FC9E551A-6752-4FE5-ABA2-FC0A5C3924F6}.Net45-Release|x86.ActiveCfg = Release|Any CPU
		{FC9E551A-6752-4FE5-ABA2-FC0A5C3924F6}.Net45-Release|x86.Build.0 = Release|Any CPU
		{FC9E551A-6752-4FE5-ABA2-FC0A5C3924F6}.Publish|Any CPU.ActiveCfg = Release|Any CPU
		{FC9E551A-6752-4FE5-ABA2-FC0A5C3924F6}.Publish|Any CPU.Build.0 = Release|Any CPU
		{FC9E551A-6752-4FE5-ABA2-FC0A5C3924F6}.Publish|x64.ActiveCfg = Release|Any CPU
		{FC9E551A-6752-4FE5-ABA2-FC0A5C3924F6}.Publish|x64.Build.0 = Release|Any CPU
		{FC9E551A-6752-4FE5-ABA2-FC0A5C3924F6}.Publish|x86.ActiveCfg = Release|Any CPU
		{FC9E551A-6752-4FE5-ABA2-FC0A5C3924F6}.Publish|x86.Build.0 = Release|Any CPU
		{FC9E551A-6752-4FE5-ABA2-FC0A5C3924F6}.Release|Any CPU.ActiveCfg = Release|Any CPU
		{FC9E551A-6752-4FE5-ABA2-FC0A5C3924F6}.Release|Any CPU.Build.0 = Release|Any CPU
		{FC9E551A-6752-4FE5-ABA2-FC0A5C3924F6}.Release|x64.ActiveCfg = Release|Any CPU
		{FC9E551A-6752-4FE5-ABA2-FC0A5C3924F6}.Release|x64.Build.0 = Release|Any CPU
		{FC9E551A-6752-4FE5-ABA2-FC0A5C3924F6}.Release|x86.ActiveCfg = Release|Any CPU
		{FC9E551A-6752-4FE5-ABA2-FC0A5C3924F6}.Release|x86.Build.0 = Release|Any CPU
		{8E5A024D-A941-4A4E-B2F9-A97D7CBCE0E9}.Debug|Any CPU.ActiveCfg = Debug|Any CPU
		{8E5A024D-A941-4A4E-B2F9-A97D7CBCE0E9}.Debug|Any CPU.Build.0 = Debug|Any CPU
		{8E5A024D-A941-4A4E-B2F9-A97D7CBCE0E9}.Debug|x64.ActiveCfg = Debug|Any CPU
		{8E5A024D-A941-4A4E-B2F9-A97D7CBCE0E9}.Debug|x64.Build.0 = Debug|Any CPU
		{8E5A024D-A941-4A4E-B2F9-A97D7CBCE0E9}.Debug|x86.ActiveCfg = Debug|Any CPU
		{8E5A024D-A941-4A4E-B2F9-A97D7CBCE0E9}.Debug|x86.Build.0 = Debug|Any CPU
		{8E5A024D-A941-4A4E-B2F9-A97D7CBCE0E9}.Net20-Debug|Any CPU.ActiveCfg = Debug|Any CPU
		{8E5A024D-A941-4A4E-B2F9-A97D7CBCE0E9}.Net20-Debug|Any CPU.Build.0 = Debug|Any CPU
		{8E5A024D-A941-4A4E-B2F9-A97D7CBCE0E9}.Net20-Debug|x64.ActiveCfg = Debug|Any CPU
		{8E5A024D-A941-4A4E-B2F9-A97D7CBCE0E9}.Net20-Debug|x64.Build.0 = Debug|Any CPU
		{8E5A024D-A941-4A4E-B2F9-A97D7CBCE0E9}.Net20-Debug|x86.ActiveCfg = Debug|Any CPU
		{8E5A024D-A941-4A4E-B2F9-A97D7CBCE0E9}.Net20-Debug|x86.Build.0 = Debug|Any CPU
		{8E5A024D-A941-4A4E-B2F9-A97D7CBCE0E9}.Net20-Release|Any CPU.ActiveCfg = Release|Any CPU
		{8E5A024D-A941-4A4E-B2F9-A97D7CBCE0E9}.Net20-Release|Any CPU.Build.0 = Release|Any CPU
		{8E5A024D-A941-4A4E-B2F9-A97D7CBCE0E9}.Net20-Release|x64.ActiveCfg = Release|Any CPU
		{8E5A024D-A941-4A4E-B2F9-A97D7CBCE0E9}.Net20-Release|x64.Build.0 = Release|Any CPU
		{8E5A024D-A941-4A4E-B2F9-A97D7CBCE0E9}.Net20-Release|x86.ActiveCfg = Release|Any CPU
		{8E5A024D-A941-4A4E-B2F9-A97D7CBCE0E9}.Net20-Release|x86.Build.0 = Release|Any CPU
		{8E5A024D-A941-4A4E-B2F9-A97D7CBCE0E9}.Net45-Debug|Any CPU.ActiveCfg = Debug|Any CPU
		{8E5A024D-A941-4A4E-B2F9-A97D7CBCE0E9}.Net45-Debug|Any CPU.Build.0 = Debug|Any CPU
		{8E5A024D-A941-4A4E-B2F9-A97D7CBCE0E9}.Net45-Debug|x64.ActiveCfg = Debug|Any CPU
		{8E5A024D-A941-4A4E-B2F9-A97D7CBCE0E9}.Net45-Debug|x64.Build.0 = Debug|Any CPU
		{8E5A024D-A941-4A4E-B2F9-A97D7CBCE0E9}.Net45-Debug|x86.ActiveCfg = Debug|Any CPU
		{8E5A024D-A941-4A4E-B2F9-A97D7CBCE0E9}.Net45-Debug|x86.Build.0 = Debug|Any CPU
		{8E5A024D-A941-4A4E-B2F9-A97D7CBCE0E9}.Net45-Release|Any CPU.ActiveCfg = Release|Any CPU
		{8E5A024D-A941-4A4E-B2F9-A97D7CBCE0E9}.Net45-Release|Any CPU.Build.0 = Release|Any CPU
		{8E5A024D-A941-4A4E-B2F9-A97D7CBCE0E9}.Net45-Release|x64.ActiveCfg = Release|Any CPU
		{8E5A024D-A941-4A4E-B2F9-A97D7CBCE0E9}.Net45-Release|x64.Build.0 = Release|Any CPU
		{8E5A024D-A941-4A4E-B2F9-A97D7CBCE0E9}.Net45-Release|x86.ActiveCfg = Release|Any CPU
		{8E5A024D-A941-4A4E-B2F9-A97D7CBCE0E9}.Net45-Release|x86.Build.0 = Release|Any CPU
		{8E5A024D-A941-4A4E-B2F9-A97D7CBCE0E9}.Publish|Any CPU.ActiveCfg = Release|Any CPU
		{8E5A024D-A941-4A4E-B2F9-A97D7CBCE0E9}.Publish|Any CPU.Build.0 = Release|Any CPU
		{8E5A024D-A941-4A4E-B2F9-A97D7CBCE0E9}.Publish|x64.ActiveCfg = Release|Any CPU
		{8E5A024D-A941-4A4E-B2F9-A97D7CBCE0E9}.Publish|x64.Build.0 = Release|Any CPU
		{8E5A024D-A941-4A4E-B2F9-A97D7CBCE0E9}.Publish|x86.ActiveCfg = Release|Any CPU
		{8E5A024D-A941-4A4E-B2F9-A97D7CBCE0E9}.Publish|x86.Build.0 = Release|Any CPU
		{8E5A024D-A941-4A4E-B2F9-A97D7CBCE0E9}.Release|Any CPU.ActiveCfg = Release|Any CPU
		{8E5A024D-A941-4A4E-B2F9-A97D7CBCE0E9}.Release|Any CPU.Build.0 = Release|Any CPU
		{8E5A024D-A941-4A4E-B2F9-A97D7CBCE0E9}.Release|x64.ActiveCfg = Release|Any CPU
		{8E5A024D-A941-4A4E-B2F9-A97D7CBCE0E9}.Release|x64.Build.0 = Release|Any CPU
		{8E5A024D-A941-4A4E-B2F9-A97D7CBCE0E9}.Release|x86.ActiveCfg = Release|Any CPU
		{8E5A024D-A941-4A4E-B2F9-A97D7CBCE0E9}.Release|x86.Build.0 = Release|Any CPU
		{578FD0D9-41AA-4FA4-8D9B-4021978FA48D}.Debug|Any CPU.ActiveCfg = Debug|x86
		{578FD0D9-41AA-4FA4-8D9B-4021978FA48D}.Debug|Any CPU.Build.0 = Debug|x86
		{578FD0D9-41AA-4FA4-8D9B-4021978FA48D}.Debug|x64.ActiveCfg = Debug|x64
		{578FD0D9-41AA-4FA4-8D9B-4021978FA48D}.Debug|x64.Build.0 = Debug|x64
		{578FD0D9-41AA-4FA4-8D9B-4021978FA48D}.Debug|x86.ActiveCfg = Debug|x86
		{578FD0D9-41AA-4FA4-8D9B-4021978FA48D}.Debug|x86.Build.0 = Debug|x86
		{578FD0D9-41AA-4FA4-8D9B-4021978FA48D}.Net20-Debug|Any CPU.ActiveCfg = Release|x86
		{578FD0D9-41AA-4FA4-8D9B-4021978FA48D}.Net20-Debug|Any CPU.Build.0 = Release|x86
		{578FD0D9-41AA-4FA4-8D9B-4021978FA48D}.Net20-Debug|x64.ActiveCfg = Debug|x64
		{578FD0D9-41AA-4FA4-8D9B-4021978FA48D}.Net20-Debug|x64.Build.0 = Debug|x64
		{578FD0D9-41AA-4FA4-8D9B-4021978FA48D}.Net20-Debug|x86.ActiveCfg = Debug|x86
		{578FD0D9-41AA-4FA4-8D9B-4021978FA48D}.Net20-Debug|x86.Build.0 = Debug|x86
		{578FD0D9-41AA-4FA4-8D9B-4021978FA48D}.Net20-Release|Any CPU.ActiveCfg = Release|x86
		{578FD0D9-41AA-4FA4-8D9B-4021978FA48D}.Net20-Release|Any CPU.Build.0 = Release|x86
		{578FD0D9-41AA-4FA4-8D9B-4021978FA48D}.Net20-Release|x64.ActiveCfg = Release|x64
		{578FD0D9-41AA-4FA4-8D9B-4021978FA48D}.Net20-Release|x64.Build.0 = Release|x64
		{578FD0D9-41AA-4FA4-8D9B-4021978FA48D}.Net20-Release|x86.ActiveCfg = Release|x86
		{578FD0D9-41AA-4FA4-8D9B-4021978FA48D}.Net20-Release|x86.Build.0 = Release|x86
		{578FD0D9-41AA-4FA4-8D9B-4021978FA48D}.Net45-Debug|Any CPU.ActiveCfg = Release|x86
		{578FD0D9-41AA-4FA4-8D9B-4021978FA48D}.Net45-Debug|Any CPU.Build.0 = Release|x86
		{578FD0D9-41AA-4FA4-8D9B-4021978FA48D}.Net45-Debug|x64.ActiveCfg = Debug|x64
		{578FD0D9-41AA-4FA4-8D9B-4021978FA48D}.Net45-Debug|x64.Build.0 = Debug|x64
		{578FD0D9-41AA-4FA4-8D9B-4021978FA48D}.Net45-Debug|x86.ActiveCfg = Debug|x86
		{578FD0D9-41AA-4FA4-8D9B-4021978FA48D}.Net45-Debug|x86.Build.0 = Debug|x86
		{578FD0D9-41AA-4FA4-8D9B-4021978FA48D}.Net45-Release|Any CPU.ActiveCfg = Release|x86
		{578FD0D9-41AA-4FA4-8D9B-4021978FA48D}.Net45-Release|Any CPU.Build.0 = Release|x86
		{578FD0D9-41AA-4FA4-8D9B-4021978FA48D}.Net45-Release|x64.ActiveCfg = Release|x64
		{578FD0D9-41AA-4FA4-8D9B-4021978FA48D}.Net45-Release|x64.Build.0 = Release|x64
		{578FD0D9-41AA-4FA4-8D9B-4021978FA48D}.Net45-Release|x86.ActiveCfg = Release|x86
		{578FD0D9-41AA-4FA4-8D9B-4021978FA48D}.Net45-Release|x86.Build.0 = Release|x86
		{578FD0D9-41AA-4FA4-8D9B-4021978FA48D}.Publish|Any CPU.ActiveCfg = Release|x86
		{578FD0D9-41AA-4FA4-8D9B-4021978FA48D}.Publish|Any CPU.Build.0 = Release|x86
		{578FD0D9-41AA-4FA4-8D9B-4021978FA48D}.Publish|x64.ActiveCfg = Release|x64
		{578FD0D9-41AA-4FA4-8D9B-4021978FA48D}.Publish|x64.Build.0 = Release|x64
		{578FD0D9-41AA-4FA4-8D9B-4021978FA48D}.Publish|x86.ActiveCfg = Release|x86
		{578FD0D9-41AA-4FA4-8D9B-4021978FA48D}.Publish|x86.Build.0 = Release|x86
		{578FD0D9-41AA-4FA4-8D9B-4021978FA48D}.Release|Any CPU.ActiveCfg = Release|x86
		{578FD0D9-41AA-4FA4-8D9B-4021978FA48D}.Release|x64.ActiveCfg = Release|x64
		{578FD0D9-41AA-4FA4-8D9B-4021978FA48D}.Release|x64.Build.0 = Release|x64
		{578FD0D9-41AA-4FA4-8D9B-4021978FA48D}.Release|x86.ActiveCfg = Release|x86
		{578FD0D9-41AA-4FA4-8D9B-4021978FA48D}.Release|x86.Build.0 = Release|x86
		{3415FF29-C0BE-44FC-AD34-94796118E690}.Debug|Any CPU.ActiveCfg = Net45-Release|Any CPU
		{3415FF29-C0BE-44FC-AD34-94796118E690}.Debug|Any CPU.Build.0 = Net45-Release|Any CPU
		{3415FF29-C0BE-44FC-AD34-94796118E690}.Debug|x64.ActiveCfg = Net45-Debug|Any CPU
		{3415FF29-C0BE-44FC-AD34-94796118E690}.Debug|x64.Build.0 = Net45-Debug|Any CPU
		{3415FF29-C0BE-44FC-AD34-94796118E690}.Debug|x86.ActiveCfg = Net45-Debug|Any CPU
		{3415FF29-C0BE-44FC-AD34-94796118E690}.Debug|x86.Build.0 = Net45-Debug|Any CPU
		{3415FF29-C0BE-44FC-AD34-94796118E690}.Net20-Debug|Any CPU.ActiveCfg = Net20-Debug|Any CPU
		{3415FF29-C0BE-44FC-AD34-94796118E690}.Net20-Debug|Any CPU.Build.0 = Net20-Debug|Any CPU
		{3415FF29-C0BE-44FC-AD34-94796118E690}.Net20-Debug|x64.ActiveCfg = Net20-Debug|Any CPU
		{3415FF29-C0BE-44FC-AD34-94796118E690}.Net20-Debug|x64.Build.0 = Net20-Debug|Any CPU
		{3415FF29-C0BE-44FC-AD34-94796118E690}.Net20-Debug|x86.ActiveCfg = Net20-Debug|Any CPU
		{3415FF29-C0BE-44FC-AD34-94796118E690}.Net20-Debug|x86.Build.0 = Net20-Debug|Any CPU
		{3415FF29-C0BE-44FC-AD34-94796118E690}.Net20-Release|Any CPU.ActiveCfg = Net20-Release|Any CPU
		{3415FF29-C0BE-44FC-AD34-94796118E690}.Net20-Release|Any CPU.Build.0 = Net20-Release|Any CPU
		{3415FF29-C0BE-44FC-AD34-94796118E690}.Net20-Release|x64.ActiveCfg = Net20-Release|Any CPU
		{3415FF29-C0BE-44FC-AD34-94796118E690}.Net20-Release|x64.Build.0 = Net20-Release|Any CPU
		{3415FF29-C0BE-44FC-AD34-94796118E690}.Net20-Release|x86.ActiveCfg = Net20-Release|Any CPU
		{3415FF29-C0BE-44FC-AD34-94796118E690}.Net20-Release|x86.Build.0 = Net20-Release|Any CPU
		{3415FF29-C0BE-44FC-AD34-94796118E690}.Net45-Debug|Any CPU.ActiveCfg = Net45-Debug|Any CPU
		{3415FF29-C0BE-44FC-AD34-94796118E690}.Net45-Debug|Any CPU.Build.0 = Net45-Debug|Any CPU
		{3415FF29-C0BE-44FC-AD34-94796118E690}.Net45-Debug|x64.ActiveCfg = Net45-Debug|Any CPU
		{3415FF29-C0BE-44FC-AD34-94796118E690}.Net45-Debug|x64.Build.0 = Net45-Debug|Any CPU
		{3415FF29-C0BE-44FC-AD34-94796118E690}.Net45-Debug|x86.ActiveCfg = Net45-Debug|Any CPU
		{3415FF29-C0BE-44FC-AD34-94796118E690}.Net45-Debug|x86.Build.0 = Net45-Debug|Any CPU
		{3415FF29-C0BE-44FC-AD34-94796118E690}.Net45-Release|Any CPU.ActiveCfg = Net45-Release|Any CPU
		{3415FF29-C0BE-44FC-AD34-94796118E690}.Net45-Release|Any CPU.Build.0 = Net45-Release|Any CPU
		{3415FF29-C0BE-44FC-AD34-94796118E690}.Net45-Release|x64.ActiveCfg = Net45-Release|Any CPU
		{3415FF29-C0BE-44FC-AD34-94796118E690}.Net45-Release|x64.Build.0 = Net45-Release|Any CPU
		{3415FF29-C0BE-44FC-AD34-94796118E690}.Net45-Release|x86.ActiveCfg = Net45-Release|Any CPU
		{3415FF29-C0BE-44FC-AD34-94796118E690}.Net45-Release|x86.Build.0 = Net45-Release|Any CPU
		{3415FF29-C0BE-44FC-AD34-94796118E690}.Publish|Any CPU.ActiveCfg = Net45-Debug|Any CPU
		{3415FF29-C0BE-44FC-AD34-94796118E690}.Publish|Any CPU.Build.0 = Net45-Debug|Any CPU
		{3415FF29-C0BE-44FC-AD34-94796118E690}.Publish|x64.ActiveCfg = Net45-Debug|Any CPU
		{3415FF29-C0BE-44FC-AD34-94796118E690}.Publish|x64.Build.0 = Net45-Debug|Any CPU
		{3415FF29-C0BE-44FC-AD34-94796118E690}.Publish|x86.ActiveCfg = Net45-Debug|Any CPU
		{3415FF29-C0BE-44FC-AD34-94796118E690}.Publish|x86.Build.0 = Net45-Debug|Any CPU
		{3415FF29-C0BE-44FC-AD34-94796118E690}.Release|Any CPU.ActiveCfg = Net45-Release|Any CPU
		{3415FF29-C0BE-44FC-AD34-94796118E690}.Release|Any CPU.Build.0 = Net45-Release|Any CPU
		{3415FF29-C0BE-44FC-AD34-94796118E690}.Release|x64.ActiveCfg = Net45-Release|Any CPU
		{3415FF29-C0BE-44FC-AD34-94796118E690}.Release|x64.Build.0 = Net45-Release|Any CPU
		{3415FF29-C0BE-44FC-AD34-94796118E690}.Release|x86.ActiveCfg = Net45-Release|Any CPU
		{3415FF29-C0BE-44FC-AD34-94796118E690}.Release|x86.Build.0 = Net45-Release|Any CPU
		{EA4EF0BE-B8A9-4149-8B5A-7E353AD628C0}.Debug|Any CPU.ActiveCfg = Net45-Release|Any CPU
		{EA4EF0BE-B8A9-4149-8B5A-7E353AD628C0}.Debug|Any CPU.Build.0 = Net45-Release|Any CPU
		{EA4EF0BE-B8A9-4149-8B5A-7E353AD628C0}.Debug|x64.ActiveCfg = Net45-Debug|Any CPU
		{EA4EF0BE-B8A9-4149-8B5A-7E353AD628C0}.Debug|x64.Build.0 = Net45-Debug|Any CPU
		{EA4EF0BE-B8A9-4149-8B5A-7E353AD628C0}.Debug|x86.ActiveCfg = Net45-Debug|Any CPU
		{EA4EF0BE-B8A9-4149-8B5A-7E353AD628C0}.Debug|x86.Build.0 = Net45-Debug|Any CPU
		{EA4EF0BE-B8A9-4149-8B5A-7E353AD628C0}.Net20-Debug|Any CPU.ActiveCfg = Net20-Debug|Any CPU
		{EA4EF0BE-B8A9-4149-8B5A-7E353AD628C0}.Net20-Debug|Any CPU.Build.0 = Net20-Debug|Any CPU
		{EA4EF0BE-B8A9-4149-8B5A-7E353AD628C0}.Net20-Debug|x64.ActiveCfg = Net20-Debug|Any CPU
		{EA4EF0BE-B8A9-4149-8B5A-7E353AD628C0}.Net20-Debug|x64.Build.0 = Net20-Debug|Any CPU
		{EA4EF0BE-B8A9-4149-8B5A-7E353AD628C0}.Net20-Debug|x86.ActiveCfg = Net20-Debug|Any CPU
		{EA4EF0BE-B8A9-4149-8B5A-7E353AD628C0}.Net20-Debug|x86.Build.0 = Net20-Debug|Any CPU
		{EA4EF0BE-B8A9-4149-8B5A-7E353AD628C0}.Net20-Release|Any CPU.ActiveCfg = Net20-Release|Any CPU
		{EA4EF0BE-B8A9-4149-8B5A-7E353AD628C0}.Net20-Release|Any CPU.Build.0 = Net20-Release|Any CPU
		{EA4EF0BE-B8A9-4149-8B5A-7E353AD628C0}.Net20-Release|x64.ActiveCfg = Net20-Release|Any CPU
		{EA4EF0BE-B8A9-4149-8B5A-7E353AD628C0}.Net20-Release|x64.Build.0 = Net20-Release|Any CPU
		{EA4EF0BE-B8A9-4149-8B5A-7E353AD628C0}.Net20-Release|x86.ActiveCfg = Net20-Release|Any CPU
		{EA4EF0BE-B8A9-4149-8B5A-7E353AD628C0}.Net20-Release|x86.Build.0 = Net20-Release|Any CPU
		{EA4EF0BE-B8A9-4149-8B5A-7E353AD628C0}.Net45-Debug|Any CPU.ActiveCfg = Net45-Debug|Any CPU
		{EA4EF0BE-B8A9-4149-8B5A-7E353AD628C0}.Net45-Debug|Any CPU.Build.0 = Net45-Debug|Any CPU
		{EA4EF0BE-B8A9-4149-8B5A-7E353AD628C0}.Net45-Debug|x64.ActiveCfg = Net45-Debug|Any CPU
		{EA4EF0BE-B8A9-4149-8B5A-7E353AD628C0}.Net45-Debug|x64.Build.0 = Net45-Debug|Any CPU
		{EA4EF0BE-B8A9-4149-8B5A-7E353AD628C0}.Net45-Debug|x86.ActiveCfg = Net45-Debug|Any CPU
		{EA4EF0BE-B8A9-4149-8B5A-7E353AD628C0}.Net45-Debug|x86.Build.0 = Net45-Debug|Any CPU
		{EA4EF0BE-B8A9-4149-8B5A-7E353AD628C0}.Net45-Release|Any CPU.ActiveCfg = Net45-Release|Any CPU
		{EA4EF0BE-B8A9-4149-8B5A-7E353AD628C0}.Net45-Release|Any CPU.Build.0 = Net45-Release|Any CPU
		{EA4EF0BE-B8A9-4149-8B5A-7E353AD628C0}.Net45-Release|x64.ActiveCfg = Net45-Release|Any CPU
		{EA4EF0BE-B8A9-4149-8B5A-7E353AD628C0}.Net45-Release|x64.Build.0 = Net45-Release|Any CPU
		{EA4EF0BE-B8A9-4149-8B5A-7E353AD628C0}.Net45-Release|x86.ActiveCfg = Net45-Release|Any CPU
		{EA4EF0BE-B8A9-4149-8B5A-7E353AD628C0}.Net45-Release|x86.Build.0 = Net45-Release|Any CPU
		{EA4EF0BE-B8A9-4149-8B5A-7E353AD628C0}.Publish|Any CPU.ActiveCfg = Net45-Debug|Any CPU
		{EA4EF0BE-B8A9-4149-8B5A-7E353AD628C0}.Publish|Any CPU.Build.0 = Net45-Debug|Any CPU
		{EA4EF0BE-B8A9-4149-8B5A-7E353AD628C0}.Publish|x64.ActiveCfg = Net45-Debug|Any CPU
		{EA4EF0BE-B8A9-4149-8B5A-7E353AD628C0}.Publish|x64.Build.0 = Net45-Debug|Any CPU
		{EA4EF0BE-B8A9-4149-8B5A-7E353AD628C0}.Publish|x86.ActiveCfg = Net45-Debug|Any CPU
		{EA4EF0BE-B8A9-4149-8B5A-7E353AD628C0}.Publish|x86.Build.0 = Net45-Debug|Any CPU
		{EA4EF0BE-B8A9-4149-8B5A-7E353AD628C0}.Release|Any CPU.ActiveCfg = Net45-Release|Any CPU
		{EA4EF0BE-B8A9-4149-8B5A-7E353AD628C0}.Release|Any CPU.Build.0 = Net45-Release|Any CPU
		{EA4EF0BE-B8A9-4149-8B5A-7E353AD628C0}.Release|x64.ActiveCfg = Net45-Release|Any CPU
		{EA4EF0BE-B8A9-4149-8B5A-7E353AD628C0}.Release|x64.Build.0 = Net45-Release|Any CPU
		{EA4EF0BE-B8A9-4149-8B5A-7E353AD628C0}.Release|x86.ActiveCfg = Net45-Release|Any CPU
		{EA4EF0BE-B8A9-4149-8B5A-7E353AD628C0}.Release|x86.Build.0 = Net45-Release|Any CPU
		{33A00A90-C02E-474B-A8C0-3B0559873EA0}.Debug|Any CPU.ActiveCfg = Debug|Any CPU
		{33A00A90-C02E-474B-A8C0-3B0559873EA0}.Debug|Any CPU.Build.0 = Debug|Any CPU
		{33A00A90-C02E-474B-A8C0-3B0559873EA0}.Debug|x64.ActiveCfg = Debug|Any CPU
		{33A00A90-C02E-474B-A8C0-3B0559873EA0}.Debug|x64.Build.0 = Debug|Any CPU
		{33A00A90-C02E-474B-A8C0-3B0559873EA0}.Debug|x86.ActiveCfg = Debug|Any CPU
		{33A00A90-C02E-474B-A8C0-3B0559873EA0}.Debug|x86.Build.0 = Debug|Any CPU
		{33A00A90-C02E-474B-A8C0-3B0559873EA0}.Net20-Debug|Any CPU.ActiveCfg = Debug|Any CPU
		{33A00A90-C02E-474B-A8C0-3B0559873EA0}.Net20-Debug|Any CPU.Build.0 = Debug|Any CPU
		{33A00A90-C02E-474B-A8C0-3B0559873EA0}.Net20-Debug|x64.ActiveCfg = Debug|Any CPU
		{33A00A90-C02E-474B-A8C0-3B0559873EA0}.Net20-Debug|x64.Build.0 = Debug|Any CPU
		{33A00A90-C02E-474B-A8C0-3B0559873EA0}.Net20-Debug|x86.ActiveCfg = Debug|Any CPU
		{33A00A90-C02E-474B-A8C0-3B0559873EA0}.Net20-Debug|x86.Build.0 = Debug|Any CPU
		{33A00A90-C02E-474B-A8C0-3B0559873EA0}.Net20-Release|Any CPU.ActiveCfg = Release|Any CPU
		{33A00A90-C02E-474B-A8C0-3B0559873EA0}.Net20-Release|Any CPU.Build.0 = Release|Any CPU
		{33A00A90-C02E-474B-A8C0-3B0559873EA0}.Net20-Release|x64.ActiveCfg = Release|Any CPU
		{33A00A90-C02E-474B-A8C0-3B0559873EA0}.Net20-Release|x64.Build.0 = Release|Any CPU
		{33A00A90-C02E-474B-A8C0-3B0559873EA0}.Net20-Release|x86.ActiveCfg = Release|Any CPU
		{33A00A90-C02E-474B-A8C0-3B0559873EA0}.Net20-Release|x86.Build.0 = Release|Any CPU
		{33A00A90-C02E-474B-A8C0-3B0559873EA0}.Net45-Debug|Any CPU.ActiveCfg = Debug|Any CPU
		{33A00A90-C02E-474B-A8C0-3B0559873EA0}.Net45-Debug|Any CPU.Build.0 = Debug|Any CPU
		{33A00A90-C02E-474B-A8C0-3B0559873EA0}.Net45-Debug|x64.ActiveCfg = Debug|Any CPU
		{33A00A90-C02E-474B-A8C0-3B0559873EA0}.Net45-Debug|x64.Build.0 = Debug|Any CPU
		{33A00A90-C02E-474B-A8C0-3B0559873EA0}.Net45-Debug|x86.ActiveCfg = Debug|Any CPU
		{33A00A90-C02E-474B-A8C0-3B0559873EA0}.Net45-Debug|x86.Build.0 = Debug|Any CPU
		{33A00A90-C02E-474B-A8C0-3B0559873EA0}.Net45-Release|Any CPU.ActiveCfg = Release|Any CPU
		{33A00A90-C02E-474B-A8C0-3B0559873EA0}.Net45-Release|Any CPU.Build.0 = Release|Any CPU
		{33A00A90-C02E-474B-A8C0-3B0559873EA0}.Net45-Release|x64.ActiveCfg = Release|Any CPU
		{33A00A90-C02E-474B-A8C0-3B0559873EA0}.Net45-Release|x64.Build.0 = Release|Any CPU
		{33A00A90-C02E-474B-A8C0-3B0559873EA0}.Net45-Release|x86.ActiveCfg = Release|Any CPU
		{33A00A90-C02E-474B-A8C0-3B0559873EA0}.Net45-Release|x86.Build.0 = Release|Any CPU
		{33A00A90-C02E-474B-A8C0-3B0559873EA0}.Publish|Any CPU.ActiveCfg = Release|Any CPU
		{33A00A90-C02E-474B-A8C0-3B0559873EA0}.Publish|Any CPU.Build.0 = Release|Any CPU
		{33A00A90-C02E-474B-A8C0-3B0559873EA0}.Publish|x64.ActiveCfg = Release|Any CPU
		{33A00A90-C02E-474B-A8C0-3B0559873EA0}.Publish|x64.Build.0 = Release|Any CPU
		{33A00A90-C02E-474B-A8C0-3B0559873EA0}.Publish|x86.ActiveCfg = Release|Any CPU
		{33A00A90-C02E-474B-A8C0-3B0559873EA0}.Publish|x86.Build.0 = Release|Any CPU
		{33A00A90-C02E-474B-A8C0-3B0559873EA0}.Release|Any CPU.ActiveCfg = Release|Any CPU
		{33A00A90-C02E-474B-A8C0-3B0559873EA0}.Release|Any CPU.Build.0 = Release|Any CPU
		{33A00A90-C02E-474B-A8C0-3B0559873EA0}.Release|x64.ActiveCfg = Release|Any CPU
		{33A00A90-C02E-474B-A8C0-3B0559873EA0}.Release|x64.Build.0 = Release|Any CPU
		{33A00A90-C02E-474B-A8C0-3B0559873EA0}.Release|x86.ActiveCfg = Release|Any CPU
		{33A00A90-C02E-474B-A8C0-3B0559873EA0}.Release|x86.Build.0 = Release|Any CPU
		{74D4C33F-7CC8-4B2A-A7DF-D8B6E63B6EBD}.Debug|Any CPU.ActiveCfg = Debug|Any CPU
		{74D4C33F-7CC8-4B2A-A7DF-D8B6E63B6EBD}.Debug|Any CPU.Build.0 = Debug|Any CPU
		{74D4C33F-7CC8-4B2A-A7DF-D8B6E63B6EBD}.Debug|x64.ActiveCfg = Debug|Any CPU
		{74D4C33F-7CC8-4B2A-A7DF-D8B6E63B6EBD}.Debug|x64.Build.0 = Debug|Any CPU
		{74D4C33F-7CC8-4B2A-A7DF-D8B6E63B6EBD}.Debug|x86.ActiveCfg = Debug|Any CPU
		{74D4C33F-7CC8-4B2A-A7DF-D8B6E63B6EBD}.Debug|x86.Build.0 = Debug|Any CPU
		{74D4C33F-7CC8-4B2A-A7DF-D8B6E63B6EBD}.Net20-Debug|Any CPU.ActiveCfg = Debug|Any CPU
		{74D4C33F-7CC8-4B2A-A7DF-D8B6E63B6EBD}.Net20-Debug|Any CPU.Build.0 = Debug|Any CPU
		{74D4C33F-7CC8-4B2A-A7DF-D8B6E63B6EBD}.Net20-Debug|x64.ActiveCfg = Debug|Any CPU
		{74D4C33F-7CC8-4B2A-A7DF-D8B6E63B6EBD}.Net20-Debug|x64.Build.0 = Debug|Any CPU
		{74D4C33F-7CC8-4B2A-A7DF-D8B6E63B6EBD}.Net20-Debug|x86.ActiveCfg = Debug|Any CPU
		{74D4C33F-7CC8-4B2A-A7DF-D8B6E63B6EBD}.Net20-Debug|x86.Build.0 = Debug|Any CPU
		{74D4C33F-7CC8-4B2A-A7DF-D8B6E63B6EBD}.Net20-Release|Any CPU.ActiveCfg = Release|Any CPU
		{74D4C33F-7CC8-4B2A-A7DF-D8B6E63B6EBD}.Net20-Release|Any CPU.Build.0 = Release|Any CPU
		{74D4C33F-7CC8-4B2A-A7DF-D8B6E63B6EBD}.Net20-Release|x64.ActiveCfg = Release|Any CPU
		{74D4C33F-7CC8-4B2A-A7DF-D8B6E63B6EBD}.Net20-Release|x64.Build.0 = Release|Any CPU
		{74D4C33F-7CC8-4B2A-A7DF-D8B6E63B6EBD}.Net20-Release|x86.ActiveCfg = Release|Any CPU
		{74D4C33F-7CC8-4B2A-A7DF-D8B6E63B6EBD}.Net20-Release|x86.Build.0 = Release|Any CPU
		{74D4C33F-7CC8-4B2A-A7DF-D8B6E63B6EBD}.Net45-Debug|Any CPU.ActiveCfg = Debug|Any CPU
		{74D4C33F-7CC8-4B2A-A7DF-D8B6E63B6EBD}.Net45-Debug|Any CPU.Build.0 = Debug|Any CPU
		{74D4C33F-7CC8-4B2A-A7DF-D8B6E63B6EBD}.Net45-Debug|x64.ActiveCfg = Debug|Any CPU
		{74D4C33F-7CC8-4B2A-A7DF-D8B6E63B6EBD}.Net45-Debug|x64.Build.0 = Debug|Any CPU
		{74D4C33F-7CC8-4B2A-A7DF-D8B6E63B6EBD}.Net45-Debug|x86.ActiveCfg = Debug|Any CPU
		{74D4C33F-7CC8-4B2A-A7DF-D8B6E63B6EBD}.Net45-Debug|x86.Build.0 = Debug|Any CPU
		{74D4C33F-7CC8-4B2A-A7DF-D8B6E63B6EBD}.Net45-Release|Any CPU.ActiveCfg = Release|Any CPU
		{74D4C33F-7CC8-4B2A-A7DF-D8B6E63B6EBD}.Net45-Release|Any CPU.Build.0 = Release|Any CPU
		{74D4C33F-7CC8-4B2A-A7DF-D8B6E63B6EBD}.Net45-Release|x64.ActiveCfg = Release|Any CPU
		{74D4C33F-7CC8-4B2A-A7DF-D8B6E63B6EBD}.Net45-Release|x64.Build.0 = Release|Any CPU
		{74D4C33F-7CC8-4B2A-A7DF-D8B6E63B6EBD}.Net45-Release|x86.ActiveCfg = Release|Any CPU
		{74D4C33F-7CC8-4B2A-A7DF-D8B6E63B6EBD}.Net45-Release|x86.Build.0 = Release|Any CPU
		{74D4C33F-7CC8-4B2A-A7DF-D8B6E63B6EBD}.Publish|Any CPU.ActiveCfg = Publish|Any CPU
		{74D4C33F-7CC8-4B2A-A7DF-D8B6E63B6EBD}.Publish|Any CPU.Build.0 = Publish|Any CPU
		{74D4C33F-7CC8-4B2A-A7DF-D8B6E63B6EBD}.Publish|x64.ActiveCfg = Publish|Any CPU
		{74D4C33F-7CC8-4B2A-A7DF-D8B6E63B6EBD}.Publish|x64.Build.0 = Publish|Any CPU
		{74D4C33F-7CC8-4B2A-A7DF-D8B6E63B6EBD}.Publish|x86.ActiveCfg = Publish|Any CPU
		{74D4C33F-7CC8-4B2A-A7DF-D8B6E63B6EBD}.Publish|x86.Build.0 = Publish|Any CPU
		{74D4C33F-7CC8-4B2A-A7DF-D8B6E63B6EBD}.Release|Any CPU.ActiveCfg = Release|Any CPU
		{74D4C33F-7CC8-4B2A-A7DF-D8B6E63B6EBD}.Release|Any CPU.Build.0 = Release|Any CPU
		{74D4C33F-7CC8-4B2A-A7DF-D8B6E63B6EBD}.Release|x64.ActiveCfg = Release|Any CPU
		{74D4C33F-7CC8-4B2A-A7DF-D8B6E63B6EBD}.Release|x64.Build.0 = Release|Any CPU
		{74D4C33F-7CC8-4B2A-A7DF-D8B6E63B6EBD}.Release|x86.ActiveCfg = Release|Any CPU
		{74D4C33F-7CC8-4B2A-A7DF-D8B6E63B6EBD}.Release|x86.Build.0 = Release|Any CPU
		{21EF3781-75E9-4A95-BB3E-EDFC43839A08}.Debug|Any CPU.ActiveCfg = Debug|Any CPU
		{21EF3781-75E9-4A95-BB3E-EDFC43839A08}.Debug|Any CPU.Build.0 = Debug|Any CPU
		{21EF3781-75E9-4A95-BB3E-EDFC43839A08}.Debug|x64.ActiveCfg = Debug|Any CPU
		{21EF3781-75E9-4A95-BB3E-EDFC43839A08}.Debug|x64.Build.0 = Debug|Any CPU
		{21EF3781-75E9-4A95-BB3E-EDFC43839A08}.Debug|x86.ActiveCfg = Debug|Any CPU
		{21EF3781-75E9-4A95-BB3E-EDFC43839A08}.Debug|x86.Build.0 = Debug|Any CPU
		{21EF3781-75E9-4A95-BB3E-EDFC43839A08}.Net20-Debug|Any CPU.ActiveCfg = Debug|Any CPU
		{21EF3781-75E9-4A95-BB3E-EDFC43839A08}.Net20-Debug|Any CPU.Build.0 = Debug|Any CPU
		{21EF3781-75E9-4A95-BB3E-EDFC43839A08}.Net20-Debug|x64.ActiveCfg = Debug|Any CPU
		{21EF3781-75E9-4A95-BB3E-EDFC43839A08}.Net20-Debug|x64.Build.0 = Debug|Any CPU
		{21EF3781-75E9-4A95-BB3E-EDFC43839A08}.Net20-Debug|x86.ActiveCfg = Debug|Any CPU
		{21EF3781-75E9-4A95-BB3E-EDFC43839A08}.Net20-Debug|x86.Build.0 = Debug|Any CPU
		{21EF3781-75E9-4A95-BB3E-EDFC43839A08}.Net20-Release|Any CPU.ActiveCfg = Release|Any CPU
		{21EF3781-75E9-4A95-BB3E-EDFC43839A08}.Net20-Release|Any CPU.Build.0 = Release|Any CPU
		{21EF3781-75E9-4A95-BB3E-EDFC43839A08}.Net20-Release|x64.ActiveCfg = Release|Any CPU
		{21EF3781-75E9-4A95-BB3E-EDFC43839A08}.Net20-Release|x64.Build.0 = Release|Any CPU
		{21EF3781-75E9-4A95-BB3E-EDFC43839A08}.Net20-Release|x86.ActiveCfg = Release|Any CPU
		{21EF3781-75E9-4A95-BB3E-EDFC43839A08}.Net20-Release|x86.Build.0 = Release|Any CPU
		{21EF3781-75E9-4A95-BB3E-EDFC43839A08}.Net45-Debug|Any CPU.ActiveCfg = Debug|Any CPU
		{21EF3781-75E9-4A95-BB3E-EDFC43839A08}.Net45-Debug|Any CPU.Build.0 = Debug|Any CPU
		{21EF3781-75E9-4A95-BB3E-EDFC43839A08}.Net45-Debug|x64.ActiveCfg = Debug|Any CPU
		{21EF3781-75E9-4A95-BB3E-EDFC43839A08}.Net45-Debug|x64.Build.0 = Debug|Any CPU
		{21EF3781-75E9-4A95-BB3E-EDFC43839A08}.Net45-Debug|x86.ActiveCfg = Debug|Any CPU
		{21EF3781-75E9-4A95-BB3E-EDFC43839A08}.Net45-Debug|x86.Build.0 = Debug|Any CPU
		{21EF3781-75E9-4A95-BB3E-EDFC43839A08}.Net45-Release|Any CPU.ActiveCfg = Release|Any CPU
		{21EF3781-75E9-4A95-BB3E-EDFC43839A08}.Net45-Release|Any CPU.Build.0 = Release|Any CPU
		{21EF3781-75E9-4A95-BB3E-EDFC43839A08}.Net45-Release|x64.ActiveCfg = Release|Any CPU
		{21EF3781-75E9-4A95-BB3E-EDFC43839A08}.Net45-Release|x64.Build.0 = Release|Any CPU
		{21EF3781-75E9-4A95-BB3E-EDFC43839A08}.Net45-Release|x86.ActiveCfg = Release|Any CPU
		{21EF3781-75E9-4A95-BB3E-EDFC43839A08}.Net45-Release|x86.Build.0 = Release|Any CPU
		{21EF3781-75E9-4A95-BB3E-EDFC43839A08}.Publish|Any CPU.ActiveCfg = Release|Any CPU
		{21EF3781-75E9-4A95-BB3E-EDFC43839A08}.Publish|Any CPU.Build.0 = Release|Any CPU
		{21EF3781-75E9-4A95-BB3E-EDFC43839A08}.Publish|x64.ActiveCfg = Release|Any CPU
		{21EF3781-75E9-4A95-BB3E-EDFC43839A08}.Publish|x64.Build.0 = Release|Any CPU
		{21EF3781-75E9-4A95-BB3E-EDFC43839A08}.Publish|x86.ActiveCfg = Release|Any CPU
		{21EF3781-75E9-4A95-BB3E-EDFC43839A08}.Publish|x86.Build.0 = Release|Any CPU
		{21EF3781-75E9-4A95-BB3E-EDFC43839A08}.Release|Any CPU.ActiveCfg = Release|Any CPU
		{21EF3781-75E9-4A95-BB3E-EDFC43839A08}.Release|Any CPU.Build.0 = Release|Any CPU
		{21EF3781-75E9-4A95-BB3E-EDFC43839A08}.Release|x64.ActiveCfg = Release|Any CPU
		{21EF3781-75E9-4A95-BB3E-EDFC43839A08}.Release|x64.Build.0 = Release|Any CPU
		{21EF3781-75E9-4A95-BB3E-EDFC43839A08}.Release|x86.ActiveCfg = Release|Any CPU
		{21EF3781-75E9-4A95-BB3E-EDFC43839A08}.Release|x86.Build.0 = Release|Any CPU
	EndGlobalSection
	GlobalSection(SolutionProperties) = preSolution
		HideSolutionNode = FALSE
	EndGlobalSection
	GlobalSection(NestedProjects) = preSolution
		{8E5A024D-A941-4A4E-B2F9-A97D7CBCE0E9} = {0827A6AA-84DB-4AAC-9C3F-0A58AEEFDB2B}
		{578FD0D9-41AA-4FA4-8D9B-4021978FA48D} = {0827A6AA-84DB-4AAC-9C3F-0A58AEEFDB2B}
		{3415FF29-C0BE-44FC-AD34-94796118E690} = {0827A6AA-84DB-4AAC-9C3F-0A58AEEFDB2B}
		{EA4EF0BE-B8A9-4149-8B5A-7E353AD628C0} = {0827A6AA-84DB-4AAC-9C3F-0A58AEEFDB2B}
		{33A00A90-C02E-474B-A8C0-3B0559873EA0} = {0827A6AA-84DB-4AAC-9C3F-0A58AEEFDB2B}
		{74D4C33F-7CC8-4B2A-A7DF-D8B6E63B6EBD} = {0827A6AA-84DB-4AAC-9C3F-0A58AEEFDB2B}
	EndGlobalSection
	GlobalSection(ExtensibilityGlobals) = postSolution
		SolutionGuid = {E9BE1F70-FC9A-44CB-B836-6155FD7B8D86}
	EndGlobalSection
EndGlobal
